<?xml version="1.0" encoding="utf-8"?>
<Project ToolsVersion="4.0" xmlns="http://schemas.microsoft.com/developer/msbuild/2003">
  <ItemGroup>
    <Filter Include="Source Files">
      <UniqueIdentifier>{4FC737F1-C7A5-4376-A066-2A32D752A2FF}</UniqueIdentifier>
      <Extensions>cpp;c;cc;cxx;c++;cppm;ixx;def;odl;idl;hpj;bat;asm;asmx</Extensions>
    </Filter>
    <Filter Include="Header Files">
      <UniqueIdentifier>{93995380-89BD-4b04-88EB-625FBE52EBFB}</UniqueIdentifier>
      <Extensions>h;hh;hpp;hxx;h++;hm;inl;inc;ipp;xsd</Extensions>
    </Filter>
    <Filter Include="Resource Files">
      <UniqueIdentifier>{67DA6AB6-F800-4c08-8B7A-83BB121AAD01}</UniqueIdentifier>
      <Extensions>rc;ico;cur;bmp;dlg;rc2;rct;bin;rgs;gif;jpg;jpeg;jpe;resx;tiff;tif;png;wav;mfcribbon-ms</Extensions>
    </Filter>
    <Filter Include="Rendereres">
      <UniqueIdentifier>{92e34b36-0e39-4115-beb6-949136a2e4bf}</UniqueIdentifier>
    </Filter>
    <Filter Include="Scene">
      <UniqueIdentifier>{e7fe6fe3-192b-4115-afaf-a9d6c8ba042b}</UniqueIdentifier>
    </Filter>
    <Filter Include="Test">
      <UniqueIdentifier>{53b554c9-b042-46af-9834-6e4c0ca4c208}</UniqueIdentifier>
    </Filter>
  </ItemGroup>
  <ItemGroup>
    <ClCompile Include="Source\Main.cpp">
      <Filter>Source Files</Filter>
    </ClCompile>
    <ClCompile Include="Utility\Source\ShaderManager.cpp">
      <Filter>Source Files</Filter>
    </ClCompile>
    <ClCompile Include="Source\Globals.cpp">
      <Filter>Source Files</Filter>
    </ClCompile>
    <ClCompile Include="Renderres\Sources\CubeRender.cpp">
      <Filter>Rendereres</Filter>
    </ClCompile>
    <ClCompile Include="Renderres\Sources\QuardRenderer.cpp">
      <Filter>Rendereres</Filter>
    </ClCompile>
    <ClCompile Include="Renderres\Sources\PyramidRender.cpp">
      <Filter>Rendereres</Filter>
    </ClCompile>
    <ClCompile Include="Scene\Sources\SceneFirst.cpp">
      <Filter>Scene</Filter>
    </ClCompile>
    <ClCompile Include="Test\Sources\TestBasicColorRenderer.cpp">
      <Filter>Test</Filter>
    </ClCompile>
    <ClCompile Include="Renderres\Sources\SphereRender.cpp">
      <Filter>Source Files</Filter>
    </ClCompile>
    <ClCompile Include="Test\Sources\TestBasicTextureRenderr.cpp">
      <Filter>Source Files</Filter>
    </ClCompile>
    <ClCompile Include="Utility\Source\stb_image.cpp">
      <Filter>Source Files</Filter>
    </ClCompile>
    <ClCompile Include="Utility\Source\CustomImGui.cpp">
      <Filter>Source Files</Filter>
    </ClCompile>
    <ClCompile Include="Libraries\ImGui\imgui.cpp">
      <Filter>Source Files</Filter>
    </ClCompile>
    <ClCompile Include="Libraries\ImGui\imgui_demo.cpp">
      <Filter>Source Files</Filter>
    </ClCompile>
    <ClCompile Include="Libraries\ImGui\imgui_draw.cpp">
      <Filter>Source Files</Filter>
    </ClCompile>
    <ClCompile Include="Libraries\ImGui\imgui_impl_opengl3.cpp">
      <Filter>Source Files</Filter>
    </ClCompile>
    <ClCompile Include="Libraries\ImGui\imgui_impl_win32.cpp">
      <Filter>Source Files</Filter>
    </ClCompile>
    <ClCompile Include="Libraries\ImGui\imgui_tables.cpp">
      <Filter>Source Files</Filter>
    </ClCompile>
    <ClCompile Include="Libraries\ImGui\imgui_widgets.cpp">
      <Filter>Source Files</Filter>
    </ClCompile>
    <ClCompile Include="Utility\Source\TextureManager.cpp">
      <Filter>Source Files</Filter>
    </ClCompile>
    <ClCompile Include="Test\Sources\TestVideoRendering.cpp">
      <Filter>Source Files</Filter>
    </ClCompile>
    <ClCompile Include="Test\Sources\TestFrameBuffer.cpp">
      <Filter>Source Files</Filter>
    </ClCompile>
    <ClCompile Include="Utility\Source\FrameBuffer.cpp">
      <Filter>Source Files</Filter>
    </ClCompile>
    <ClCompile Include="Shaders\CommomTexture\Texture.cpp">
      <Filter>Source Files</Filter>
    </ClCompile>
    <ClCompile Include="Shaders\CommonColor\Color.cpp">
      <Filter>Source Files</Filter>
    </ClCompile>
    <ClCompile Include="Shaders\AtmosphericScattering\AtmosphericScattering.cpp">
      <Filter>Source Files</Filter>
    </ClCompile>
    <ClCompile Include="Shaders\Ocean\OceanShader.cpp">
      <Filter>Source Files</Filter>
    </ClCompile>
    <ClCompile Include="Shaders\CubeMap\CubeMap.cpp">
      <Filter>Source Files</Filter>
    </ClCompile>
    <ClCompile Include="Test\Sources\TestAtmosphericScattering.cpp">
      <Filter>Source Files</Filter>
    </ClCompile>
    <ClCompile Include="Test\Sources\TestCubeMap.cpp">
      <Filter>Source Files</Filter>
    </ClCompile>
    <ClCompile Include="Test\Sources\TestOcean.cpp">
      <Filter>Source Files</Filter>
    </ClCompile>
    <ClCompile Include="Utility\Source\Ocean\3Dmath.cpp">
      <Filter>Source Files</Filter>
    </ClCompile>
    <ClCompile Include="Utility\Source\Ocean\OceanCamera.cpp">
      <Filter>Source Files</Filter>
    </ClCompile>
    <ClCompile Include="Utility\Source\Ocean\OceanHelper.cpp">
      <Filter>Source Files</Filter>
    </ClCompile>
    <ClCompile Include="Utility\Source\Ocean\OceanQuadMesh.cpp">
      <Filter>Source Files</Filter>
    </ClCompile>
    <ClCompile Include="Utility\Source\Ocean\OpenGLMesh.cpp">
      <Filter>Source Files</Filter>
    </ClCompile>
    <ClCompile Include="Shaders\ClothRendering\ClothRendering.cpp">
      <Filter>Source Files</Filter>
    </ClCompile>
    <ClCompile Include="Test\Sources\TestClothRendering.cpp">
      <Filter>Source Files</Filter>
    </ClCompile>
    <ClCompile Include="Shaders\FBufferEffect\FBufferEffect.cpp">
      <Filter>Source Files</Filter>
    </ClCompile>
    <ClCompile Include="Shaders\Terrain\Terrain.cpp">
      <Filter>Source Files</Filter>
    </ClCompile>
    <ClCompile Include="Test\Sources\TestTerrainRendering.cpp">
      <Filter>Source Files</Filter>
    </ClCompile>
    <ClCompile Include="Utility\Source\AudioPlayer.cpp">
      <Filter>Source Files</Filter>
    </ClCompile>
    <ClCompile Include="Test\Sources\TestWater.cpp">
      <Filter>Source Files</Filter>
    </ClCompile>
    <ClCompile Include="Shaders\Water\Water.cpp">
      <Filter>Source Files</Filter>
    </ClCompile>
    <ClCompile Include="Shaders\WaterNew\WaterNew.cpp">
      <Filter>Source Files</Filter>
    </ClCompile>
    <ClCompile Include="Test\Sources\TestObjModelLoading.cpp">
      <Filter>Source Files</Filter>
    </ClCompile>
    <ClCompile Include="Scene\Sources\SceneThird.cpp">
      <Filter>Source Files</Filter>
    </ClCompile>
    <ClCompile Include="Scene\Sources\SceneSecond.cpp">
      <Filter>Source Files</Filter>
    </ClCompile>
    <ClCompile Include="Shaders\ObjModelLoading\ObjModelLoading.cpp">
      <Filter>Source Files</Filter>
    </ClCompile>
    <ClCompile Include="Utility\Source\ModelLoading\Mesh.cpp">
      <Filter>Source Files</Filter>
    </ClCompile>
    <ClCompile Include="Utility\Source\ModelLoading\Model.cpp">
      <Filter>Source Files</Filter>
    </ClCompile>
    <ClCompile Include="Utility\Source\ModelLoading\StaticModelLoader.cpp">
      <Filter>Source Files</Filter>
    </ClCompile>
    <ClCompile Include="Scene\Sources\SceneOpening.cpp">
      <Filter>Source Files</Filter>
    </ClCompile>
    <ClCompile Include="Scene\Sources\PreSceneOpening.cpp">
      <Filter>Source Files</Filter>
    </ClCompile>
    <ClCompile Include="Scene\Sources\SceneEnd.cpp">
      <Filter>Source Files</Filter>
    </ClCompile>
    <ClCompile Include="Shaders\Fire\Fire.cpp">
      <Filter>Source Files</Filter>
    </ClCompile>
    <ClCompile Include="Scene\Sources\SceneCorridor.cpp">
      <Filter>Source Files</Filter>
    </ClCompile>
    <ClCompile Include="Scene\Sources\SceneFinal.cpp">
      <Filter>Source Files</Filter>
    </ClCompile>
  </ItemGroup>
  <ItemGroup>
    <ClInclude Include="vmath.h">
      <Filter>Header Files</Filter>
    </ClInclude>
    <ClInclude Include="Utility\Headers\ShaderManager.h">
      <Filter>Header Files</Filter>
    </ClInclude>
    <ClInclude Include="Source\Common.h">
      <Filter>Header Files</Filter>
    </ClInclude>
    <ClInclude Include="Source\Globals.h">
      <Filter>Header Files</Filter>
    </ClInclude>
    <ClInclude Include="Renderres\Headers\Renderers.h">
      <Filter>Rendereres</Filter>
    </ClInclude>
    <ClInclude Include="Scene\Headers\Scene.h">
      <Filter>Scene</Filter>
    </ClInclude>
    <ClInclude Include="Test\Headers\TestCommon.h">
      <Filter>Test</Filter>
    </ClInclude>
    <ClInclude Include="Utility\Headers\stb_image.h">
      <Filter>Header Files</Filter>
    </ClInclude>
    <ClInclude Include="Utility\Headers\CustomImGui.h">
      <Filter>Header Files</Filter>
    </ClInclude>
    <ClInclude Include="Libraries\ImGui\imconfig.h">
      <Filter>Header Files</Filter>
    </ClInclude>
    <ClInclude Include="Libraries\ImGui\imgui.h">
      <Filter>Header Files</Filter>
    </ClInclude>
    <ClInclude Include="Libraries\ImGui\imgui_impl_opengl3.h">
      <Filter>Header Files</Filter>
    </ClInclude>
    <ClInclude Include="Libraries\ImGui\imgui_impl_opengl3_loader.h">
      <Filter>Header Files</Filter>
    </ClInclude>
    <ClInclude Include="Libraries\ImGui\imgui_impl_win32.h">
      <Filter>Header Files</Filter>
    </ClInclude>
    <ClInclude Include="Libraries\ImGui\imgui_internal.h">
      <Filter>Header Files</Filter>
    </ClInclude>
    <ClInclude Include="Libraries\ImGui\imstb_rectpack.h">
      <Filter>Header Files</Filter>
    </ClInclude>
    <ClInclude Include="Libraries\ImGui\imstb_textedit.h">
      <Filter>Header Files</Filter>
    </ClInclude>
    <ClInclude Include="Libraries\ImGui\imstb_truetype.h">
      <Filter>Header Files</Filter>
    </ClInclude>
    <ClInclude Include="Utility\Headers\TextureManager.h">
      <Filter>Header Files</Filter>
    </ClInclude>
    <ClInclude Include="Source\BMP_Header.h">
      <Filter>Header Files</Filter>
    </ClInclude>
    <ClInclude Include="Utility\Headers\DDSLoader.h">
      <Filter>Header Files</Filter>
    </ClInclude>
    <ClInclude Include="Utility\Headers\VideoRendering.h">
      <Filter>Header Files</Filter>
    </ClInclude>
    <ClInclude Include="Libraries\ffmpeg\include\libavcodec\ac3_parser.h">
      <Filter>Header Files</Filter>
    </ClInclude>
    <ClInclude Include="Libraries\ffmpeg\include\libavcodec\adts_parser.h">
      <Filter>Header Files</Filter>
    </ClInclude>
    <ClInclude Include="Libraries\ffmpeg\include\libavcodec\avcodec.h">
      <Filter>Header Files</Filter>
    </ClInclude>
    <ClInclude Include="Libraries\ffmpeg\include\libavcodec\avdct.h">
      <Filter>Header Files</Filter>
    </ClInclude>
    <ClInclude Include="Libraries\ffmpeg\include\libavcodec\avfft.h">
      <Filter>Header Files</Filter>
    </ClInclude>
    <ClInclude Include="Libraries\ffmpeg\include\libavcodec\bsf.h">
      <Filter>Header Files</Filter>
    </ClInclude>
    <ClInclude Include="Libraries\ffmpeg\include\libavcodec\codec.h">
      <Filter>Header Files</Filter>
    </ClInclude>
    <ClInclude Include="Libraries\ffmpeg\include\libavcodec\codec_desc.h">
      <Filter>Header Files</Filter>
    </ClInclude>
    <ClInclude Include="Libraries\ffmpeg\include\libavcodec\codec_id.h">
      <Filter>Header Files</Filter>
    </ClInclude>
    <ClInclude Include="Libraries\ffmpeg\include\libavcodec\codec_par.h">
      <Filter>Header Files</Filter>
    </ClInclude>
    <ClInclude Include="Libraries\ffmpeg\include\libavcodec\d3d11va.h">
      <Filter>Header Files</Filter>
    </ClInclude>
    <ClInclude Include="Libraries\ffmpeg\include\libavcodec\defs.h">
      <Filter>Header Files</Filter>
    </ClInclude>
    <ClInclude Include="Libraries\ffmpeg\include\libavcodec\dirac.h">
      <Filter>Header Files</Filter>
    </ClInclude>
    <ClInclude Include="Libraries\ffmpeg\include\libavcodec\dv_profile.h">
      <Filter>Header Files</Filter>
    </ClInclude>
    <ClInclude Include="Libraries\ffmpeg\include\libavcodec\dxva2.h">
      <Filter>Header Files</Filter>
    </ClInclude>
    <ClInclude Include="Libraries\ffmpeg\include\libavcodec\jni.h">
      <Filter>Header Files</Filter>
    </ClInclude>
    <ClInclude Include="Libraries\ffmpeg\include\libavcodec\mediacodec.h">
      <Filter>Header Files</Filter>
    </ClInclude>
    <ClInclude Include="Libraries\ffmpeg\include\libavcodec\packet.h">
      <Filter>Header Files</Filter>
    </ClInclude>
    <ClInclude Include="Libraries\ffmpeg\include\libavcodec\qsv.h">
      <Filter>Header Files</Filter>
    </ClInclude>
    <ClInclude Include="Libraries\ffmpeg\include\libavcodec\vdpau.h">
      <Filter>Header Files</Filter>
    </ClInclude>
    <ClInclude Include="Libraries\ffmpeg\include\libavcodec\version.h">
      <Filter>Header Files</Filter>
    </ClInclude>
    <ClInclude Include="Libraries\ffmpeg\include\libavcodec\videotoolbox.h">
      <Filter>Header Files</Filter>
    </ClInclude>
    <ClInclude Include="Libraries\ffmpeg\include\libavcodec\vorbis_parser.h">
      <Filter>Header Files</Filter>
    </ClInclude>
    <ClInclude Include="Libraries\ffmpeg\include\libavcodec\xvmc.h">
      <Filter>Header Files</Filter>
    </ClInclude>
    <ClInclude Include="Libraries\ffmpeg\include\libavdevice\avdevice.h">
      <Filter>Header Files</Filter>
    </ClInclude>
    <ClInclude Include="Libraries\ffmpeg\include\libavdevice\version.h">
      <Filter>Header Files</Filter>
    </ClInclude>
    <ClInclude Include="Libraries\ffmpeg\include\libavfilter\avfilter.h">
      <Filter>Header Files</Filter>
    </ClInclude>
    <ClInclude Include="Libraries\ffmpeg\include\libavfilter\buffersink.h">
      <Filter>Header Files</Filter>
    </ClInclude>
    <ClInclude Include="Libraries\ffmpeg\include\libavfilter\buffersrc.h">
      <Filter>Header Files</Filter>
    </ClInclude>
    <ClInclude Include="Libraries\ffmpeg\include\libavfilter\version.h">
      <Filter>Header Files</Filter>
    </ClInclude>
    <ClInclude Include="Libraries\ffmpeg\include\libavformat\avformat.h">
      <Filter>Header Files</Filter>
    </ClInclude>
    <ClInclude Include="Libraries\ffmpeg\include\libavformat\avio.h">
      <Filter>Header Files</Filter>
    </ClInclude>
    <ClInclude Include="Libraries\ffmpeg\include\libavformat\version.h">
      <Filter>Header Files</Filter>
    </ClInclude>
    <ClInclude Include="Libraries\ffmpeg\include\libavutil\adler32.h">
      <Filter>Header Files</Filter>
    </ClInclude>
    <ClInclude Include="Libraries\ffmpeg\include\libavutil\aes.h">
      <Filter>Header Files</Filter>
    </ClInclude>
    <ClInclude Include="Libraries\ffmpeg\include\libavutil\aes_ctr.h">
      <Filter>Header Files</Filter>
    </ClInclude>
    <ClInclude Include="Libraries\ffmpeg\include\libavutil\attributes.h">
      <Filter>Header Files</Filter>
    </ClInclude>
    <ClInclude Include="Libraries\ffmpeg\include\libavutil\audio_fifo.h">
      <Filter>Header Files</Filter>
    </ClInclude>
    <ClInclude Include="Libraries\ffmpeg\include\libavutil\avassert.h">
      <Filter>Header Files</Filter>
    </ClInclude>
    <ClInclude Include="Libraries\ffmpeg\include\libavutil\avconfig.h">
      <Filter>Header Files</Filter>
    </ClInclude>
    <ClInclude Include="Libraries\ffmpeg\include\libavutil\avstring.h">
      <Filter>Header Files</Filter>
    </ClInclude>
    <ClInclude Include="Libraries\ffmpeg\include\libavutil\avutil.h">
      <Filter>Header Files</Filter>
    </ClInclude>
    <ClInclude Include="Libraries\ffmpeg\include\libavutil\base64.h">
      <Filter>Header Files</Filter>
    </ClInclude>
    <ClInclude Include="Libraries\ffmpeg\include\libavutil\blowfish.h">
      <Filter>Header Files</Filter>
    </ClInclude>
    <ClInclude Include="Libraries\ffmpeg\include\libavutil\bprint.h">
      <Filter>Header Files</Filter>
    </ClInclude>
    <ClInclude Include="Libraries\ffmpeg\include\libavutil\bswap.h">
      <Filter>Header Files</Filter>
    </ClInclude>
    <ClInclude Include="Libraries\ffmpeg\include\libavutil\buffer.h">
      <Filter>Header Files</Filter>
    </ClInclude>
    <ClInclude Include="Libraries\ffmpeg\include\libavutil\camellia.h">
      <Filter>Header Files</Filter>
    </ClInclude>
    <ClInclude Include="Libraries\ffmpeg\include\libavutil\cast5.h">
      <Filter>Header Files</Filter>
    </ClInclude>
    <ClInclude Include="Libraries\ffmpeg\include\libavutil\channel_layout.h">
      <Filter>Header Files</Filter>
    </ClInclude>
    <ClInclude Include="Libraries\ffmpeg\include\libavutil\common.h">
      <Filter>Header Files</Filter>
    </ClInclude>
    <ClInclude Include="Libraries\ffmpeg\include\libavutil\cpu.h">
      <Filter>Header Files</Filter>
    </ClInclude>
    <ClInclude Include="Libraries\ffmpeg\include\libavutil\crc.h">
      <Filter>Header Files</Filter>
    </ClInclude>
    <ClInclude Include="Libraries\ffmpeg\include\libavutil\des.h">
      <Filter>Header Files</Filter>
    </ClInclude>
    <ClInclude Include="Libraries\ffmpeg\include\libavutil\detection_bbox.h">
      <Filter>Header Files</Filter>
    </ClInclude>
    <ClInclude Include="Libraries\ffmpeg\include\libavutil\dict.h">
      <Filter>Header Files</Filter>
    </ClInclude>
    <ClInclude Include="Libraries\ffmpeg\include\libavutil\display.h">
      <Filter>Header Files</Filter>
    </ClInclude>
    <ClInclude Include="Libraries\ffmpeg\include\libavutil\dovi_meta.h">
      <Filter>Header Files</Filter>
    </ClInclude>
    <ClInclude Include="Libraries\ffmpeg\include\libavutil\downmix_info.h">
      <Filter>Header Files</Filter>
    </ClInclude>
    <ClInclude Include="Libraries\ffmpeg\include\libavutil\encryption_info.h">
      <Filter>Header Files</Filter>
    </ClInclude>
    <ClInclude Include="Libraries\ffmpeg\include\libavutil\error.h">
      <Filter>Header Files</Filter>
    </ClInclude>
    <ClInclude Include="Libraries\ffmpeg\include\libavutil\eval.h">
      <Filter>Header Files</Filter>
    </ClInclude>
    <ClInclude Include="Libraries\ffmpeg\include\libavutil\ffversion.h">
      <Filter>Header Files</Filter>
    </ClInclude>
    <ClInclude Include="Libraries\ffmpeg\include\libavutil\fifo.h">
      <Filter>Header Files</Filter>
    </ClInclude>
    <ClInclude Include="Libraries\ffmpeg\include\libavutil\file.h">
      <Filter>Header Files</Filter>
    </ClInclude>
    <ClInclude Include="Libraries\ffmpeg\include\libavutil\film_grain_params.h">
      <Filter>Header Files</Filter>
    </ClInclude>
    <ClInclude Include="Libraries\ffmpeg\include\libavutil\frame.h">
      <Filter>Header Files</Filter>
    </ClInclude>
    <ClInclude Include="Libraries\ffmpeg\include\libavutil\hash.h">
      <Filter>Header Files</Filter>
    </ClInclude>
    <ClInclude Include="Libraries\ffmpeg\include\libavutil\hdr_dynamic_metadata.h">
      <Filter>Header Files</Filter>
    </ClInclude>
    <ClInclude Include="Libraries\ffmpeg\include\libavutil\hmac.h">
      <Filter>Header Files</Filter>
    </ClInclude>
    <ClInclude Include="Libraries\ffmpeg\include\libavutil\hwcontext.h">
      <Filter>Header Files</Filter>
    </ClInclude>
    <ClInclude Include="Libraries\ffmpeg\include\libavutil\hwcontext_cuda.h">
      <Filter>Header Files</Filter>
    </ClInclude>
    <ClInclude Include="Libraries\ffmpeg\include\libavutil\hwcontext_d3d11va.h">
      <Filter>Header Files</Filter>
    </ClInclude>
    <ClInclude Include="Libraries\ffmpeg\include\libavutil\hwcontext_drm.h">
      <Filter>Header Files</Filter>
    </ClInclude>
    <ClInclude Include="Libraries\ffmpeg\include\libavutil\hwcontext_dxva2.h">
      <Filter>Header Files</Filter>
    </ClInclude>
    <ClInclude Include="Libraries\ffmpeg\include\libavutil\hwcontext_mediacodec.h">
      <Filter>Header Files</Filter>
    </ClInclude>
    <ClInclude Include="Libraries\ffmpeg\include\libavutil\hwcontext_opencl.h">
      <Filter>Header Files</Filter>
    </ClInclude>
    <ClInclude Include="Libraries\ffmpeg\include\libavutil\hwcontext_qsv.h">
      <Filter>Header Files</Filter>
    </ClInclude>
    <ClInclude Include="Libraries\ffmpeg\include\libavutil\hwcontext_vaapi.h">
      <Filter>Header Files</Filter>
    </ClInclude>
    <ClInclude Include="Libraries\ffmpeg\include\libavutil\hwcontext_vdpau.h">
      <Filter>Header Files</Filter>
    </ClInclude>
    <ClInclude Include="Libraries\ffmpeg\include\libavutil\hwcontext_videotoolbox.h">
      <Filter>Header Files</Filter>
    </ClInclude>
    <ClInclude Include="Libraries\ffmpeg\include\libavutil\hwcontext_vulkan.h">
      <Filter>Header Files</Filter>
    </ClInclude>
    <ClInclude Include="Libraries\ffmpeg\include\libavutil\imgutils.h">
      <Filter>Header Files</Filter>
    </ClInclude>
    <ClInclude Include="Libraries\ffmpeg\include\libavutil\intfloat.h">
      <Filter>Header Files</Filter>
    </ClInclude>
    <ClInclude Include="Libraries\ffmpeg\include\libavutil\intreadwrite.h">
      <Filter>Header Files</Filter>
    </ClInclude>
    <ClInclude Include="Libraries\ffmpeg\include\libavutil\lfg.h">
      <Filter>Header Files</Filter>
    </ClInclude>
    <ClInclude Include="Libraries\ffmpeg\include\libavutil\log.h">
      <Filter>Header Files</Filter>
    </ClInclude>
    <ClInclude Include="Libraries\ffmpeg\include\libavutil\lzo.h">
      <Filter>Header Files</Filter>
    </ClInclude>
    <ClInclude Include="Libraries\ffmpeg\include\libavutil\macros.h">
      <Filter>Header Files</Filter>
    </ClInclude>
    <ClInclude Include="Libraries\ffmpeg\include\libavutil\mastering_display_metadata.h">
      <Filter>Header Files</Filter>
    </ClInclude>
    <ClInclude Include="Libraries\ffmpeg\include\libavutil\mathematics.h">
      <Filter>Header Files</Filter>
    </ClInclude>
    <ClInclude Include="Libraries\ffmpeg\include\libavutil\md5.h">
      <Filter>Header Files</Filter>
    </ClInclude>
    <ClInclude Include="Libraries\ffmpeg\include\libavutil\mem.h">
      <Filter>Header Files</Filter>
    </ClInclude>
    <ClInclude Include="Libraries\ffmpeg\include\libavutil\motion_vector.h">
      <Filter>Header Files</Filter>
    </ClInclude>
    <ClInclude Include="Libraries\ffmpeg\include\libavutil\murmur3.h">
      <Filter>Header Files</Filter>
    </ClInclude>
    <ClInclude Include="Libraries\ffmpeg\include\libavutil\opt.h">
      <Filter>Header Files</Filter>
    </ClInclude>
    <ClInclude Include="Libraries\ffmpeg\include\libavutil\parseutils.h">
      <Filter>Header Files</Filter>
    </ClInclude>
    <ClInclude Include="Libraries\ffmpeg\include\libavutil\pixdesc.h">
      <Filter>Header Files</Filter>
    </ClInclude>
    <ClInclude Include="Libraries\ffmpeg\include\libavutil\pixelutils.h">
      <Filter>Header Files</Filter>
    </ClInclude>
    <ClInclude Include="Libraries\ffmpeg\include\libavutil\pixfmt.h">
      <Filter>Header Files</Filter>
    </ClInclude>
    <ClInclude Include="Libraries\ffmpeg\include\libavutil\random_seed.h">
      <Filter>Header Files</Filter>
    </ClInclude>
    <ClInclude Include="Libraries\ffmpeg\include\libavutil\rational.h">
      <Filter>Header Files</Filter>
    </ClInclude>
    <ClInclude Include="Libraries\ffmpeg\include\libavutil\rc4.h">
      <Filter>Header Files</Filter>
    </ClInclude>
    <ClInclude Include="Libraries\ffmpeg\include\libavutil\replaygain.h">
      <Filter>Header Files</Filter>
    </ClInclude>
    <ClInclude Include="Libraries\ffmpeg\include\libavutil\ripemd.h">
      <Filter>Header Files</Filter>
    </ClInclude>
    <ClInclude Include="Libraries\ffmpeg\include\libavutil\samplefmt.h">
      <Filter>Header Files</Filter>
    </ClInclude>
    <ClInclude Include="Libraries\ffmpeg\include\libavutil\sha.h">
      <Filter>Header Files</Filter>
    </ClInclude>
    <ClInclude Include="Libraries\ffmpeg\include\libavutil\sha512.h">
      <Filter>Header Files</Filter>
    </ClInclude>
    <ClInclude Include="Libraries\ffmpeg\include\libavutil\spherical.h">
      <Filter>Header Files</Filter>
    </ClInclude>
    <ClInclude Include="Libraries\ffmpeg\include\libavutil\stereo3d.h">
      <Filter>Header Files</Filter>
    </ClInclude>
    <ClInclude Include="Libraries\ffmpeg\include\libavutil\tea.h">
      <Filter>Header Files</Filter>
    </ClInclude>
    <ClInclude Include="Libraries\ffmpeg\include\libavutil\threadmessage.h">
      <Filter>Header Files</Filter>
    </ClInclude>
    <ClInclude Include="Libraries\ffmpeg\include\libavutil\time.h">
      <Filter>Header Files</Filter>
    </ClInclude>
    <ClInclude Include="Libraries\ffmpeg\include\libavutil\timecode.h">
      <Filter>Header Files</Filter>
    </ClInclude>
    <ClInclude Include="Libraries\ffmpeg\include\libavutil\timestamp.h">
      <Filter>Header Files</Filter>
    </ClInclude>
    <ClInclude Include="Libraries\ffmpeg\include\libavutil\tree.h">
      <Filter>Header Files</Filter>
    </ClInclude>
    <ClInclude Include="Libraries\ffmpeg\include\libavutil\twofish.h">
      <Filter>Header Files</Filter>
    </ClInclude>
    <ClInclude Include="Libraries\ffmpeg\include\libavutil\tx.h">
      <Filter>Header Files</Filter>
    </ClInclude>
    <ClInclude Include="Libraries\ffmpeg\include\libavutil\version.h">
      <Filter>Header Files</Filter>
    </ClInclude>
    <ClInclude Include="Libraries\ffmpeg\include\libavutil\video_enc_params.h">
      <Filter>Header Files</Filter>
    </ClInclude>
    <ClInclude Include="Libraries\ffmpeg\include\libavutil\xtea.h">
      <Filter>Header Files</Filter>
    </ClInclude>
    <ClInclude Include="Libraries\ffmpeg\include\libswresample\swresample.h">
      <Filter>Header Files</Filter>
    </ClInclude>
    <ClInclude Include="Libraries\ffmpeg\include\libswresample\version.h">
      <Filter>Header Files</Filter>
    </ClInclude>
    <ClInclude Include="Libraries\ffmpeg\include\libswscale\swscale.h">
      <Filter>Header Files</Filter>
    </ClInclude>
    <ClInclude Include="Libraries\ffmpeg\include\libswscale\version.h">
      <Filter>Header Files</Filter>
    </ClInclude>
    <ClInclude Include="Utility\Headers\FrameBuffer.h">
      <Filter>Header Files</Filter>
    </ClInclude>
    <ClInclude Include="Shaders\CommomTexture\Texture.h">
      <Filter>Header Files</Filter>
    </ClInclude>
    <ClInclude Include="Shaders\CommomTexture\a.h">
      <Filter>Header Files</Filter>
    </ClInclude>
    <ClInclude Include="Shaders\AtmosphericScattering\AtmosphericScattering.h">
      <Filter>Header Files</Filter>
    </ClInclude>
    <ClInclude Include="Shaders\CubeMap\CubeMap.h">
      <Filter>Header Files</Filter>
    </ClInclude>
    <ClInclude Include="Shaders\Ocean\OceanShader.h">
      <Filter>Header Files</Filter>
    </ClInclude>
    <ClInclude Include="Utility\Headers\Ocean\3Dmath.h">
      <Filter>Header Files</Filter>
    </ClInclude>
    <ClInclude Include="Utility\Headers\Ocean\OceanCamera.h">
      <Filter>Header Files</Filter>
    </ClInclude>
    <ClInclude Include="Utility\Headers\Ocean\OceanHelper.h">
      <Filter>Header Files</Filter>
    </ClInclude>
    <ClInclude Include="Utility\Headers\Ocean\OceanQuadMesh.h">
      <Filter>Header Files</Filter>
    </ClInclude>
    <ClInclude Include="Utility\Headers\Ocean\OpenGLMesh.h">
      <Filter>Header Files</Filter>
    </ClInclude>
    <ClInclude Include="Utility\Headers\Ocean\orderedarray.hpp">
      <Filter>Header Files</Filter>
    </ClInclude>
    <ClInclude Include="Shaders\ClothRendering\ClothRendering.h">
      <Filter>Header Files</Filter>
    </ClInclude>
    <ClInclude Include="Shaders\ClothRendering\common\helper_cuda.h">
      <Filter>Header Files</Filter>
    </ClInclude>
    <ClInclude Include="Shaders\ClothRendering\common\helper_cuda_drvapi.h">
      <Filter>Header Files</Filter>
    </ClInclude>
    <ClInclude Include="Shaders\ClothRendering\common\helper_cusolver.h">
      <Filter>Header Files</Filter>
    </ClInclude>
    <ClInclude Include="Shaders\ClothRendering\common\helper_functions.h">
      <Filter>Header Files</Filter>
    </ClInclude>
    <ClInclude Include="Shaders\ClothRendering\common\helper_gl.h">
      <Filter>Header Files</Filter>
    </ClInclude>
    <ClInclude Include="Shaders\ClothRendering\common\helper_image.h">
      <Filter>Header Files</Filter>
    </ClInclude>
    <ClInclude Include="Shaders\ClothRendering\common\helper_math.h">
      <Filter>Header Files</Filter>
    </ClInclude>
    <ClInclude Include="Shaders\ClothRendering\common\helper_multiprocess.h">
      <Filter>Header Files</Filter>
    </ClInclude>
    <ClInclude Include="Shaders\ClothRendering\common\helper_nvJPEG.hxx">
      <Filter>Header Files</Filter>
    </ClInclude>
    <ClInclude Include="Shaders\ClothRendering\common\helper_string.h">
      <Filter>Header Files</Filter>
    </ClInclude>
    <ClInclude Include="Shaders\ClothRendering\common\helper_timer.h">
      <Filter>Header Files</Filter>
    </ClInclude>
    <ClInclude Include="Shaders\FBufferEffect\FBufferEffect.h">
      <Filter>Header Files</Filter>
    </ClInclude>
    <ClInclude Include="Shaders\Terrain\Terrain.h">
      <Filter>Header Files</Filter>
    </ClInclude>
    <ClInclude Include="Utility\Headers\BezierCamera.h">
      <Filter>Header Files</Filter>
    </ClInclude>
    <ClInclude Include="Utility\Headers\Camera.h">
      <Filter>Header Files</Filter>
    </ClInclude>
    <ClInclude Include="Utility\Headers\AudioPlayer.h">
      <Filter>Header Files</Filter>
    </ClInclude>
    <ClInclude Include="Shaders\Water\Water.h">
      <Filter>Header Files</Filter>
    </ClInclude>
    <ClInclude Include="Shaders\WaterNew\Water.h">
      <Filter>Header Files</Filter>
    </ClInclude>
    <ClInclude Include="Utility\Headers\ModelLoading\StaticModelLoader.h">
      <Filter>Header Files</Filter>
    </ClInclude>
    <ClInclude Include="Utility\Headers\ModelLoading\Model.h">
      <Filter>Header Files</Filter>
    </ClInclude>
    <ClInclude Include="Utility\Headers\ModelLoading\Mesh.h">
      <Filter>Header Files</Filter>
    </ClInclude>
    <ClInclude Include="Shaders\CommonColor\Color.h">
      <Filter>Source Files</Filter>
    </ClInclude>
    <ClInclude Include="Shaders\ObjModelLoading\ObjModelLoading.h">
      <Filter>Header Files</Filter>
    </ClInclude>
    <ClInclude Include="Libraries\assimp\include\assimp\aabb.h">
      <Filter>Header Files</Filter>
    </ClInclude>
    <ClInclude Include="Libraries\assimp\include\assimp\ai_assert.h">
      <Filter>Header Files</Filter>
    </ClInclude>
    <ClInclude Include="Libraries\assimp\include\assimp\anim.h">
      <Filter>Header Files</Filter>
    </ClInclude>
    <ClInclude Include="Libraries\assimp\include\assimp\AssertHandler.h">
      <Filter>Header Files</Filter>
    </ClInclude>
    <ClInclude Include="Libraries\assimp\include\assimp\Base64.hpp">
      <Filter>Header Files</Filter>
    </ClInclude>
    <ClInclude Include="Libraries\assimp\include\assimp\BaseImporter.h">
      <Filter>Header Files</Filter>
    </ClInclude>
    <ClInclude Include="Libraries\assimp\include\assimp\Bitmap.h">
      <Filter>Header Files</Filter>
    </ClInclude>
    <ClInclude Include="Libraries\assimp\include\assimp\BlobIOSystem.h">
      <Filter>Header Files</Filter>
    </ClInclude>
    <ClInclude Include="Libraries\assimp\include\assimp\ByteSwapper.h">
      <Filter>Header Files</Filter>
    </ClInclude>
    <ClInclude Include="Libraries\assimp\include\assimp\camera.h">
      <Filter>Header Files</Filter>
    </ClInclude>
    <ClInclude Include="Libraries\assimp\include\assimp\cexport.h">
      <Filter>Header Files</Filter>
    </ClInclude>
    <ClInclude Include="Libraries\assimp\include\assimp\cfileio.h">
      <Filter>Header Files</Filter>
    </ClInclude>
    <ClInclude Include="Libraries\assimp\include\assimp\cimport.h">
      <Filter>Header Files</Filter>
    </ClInclude>
    <ClInclude Include="Libraries\assimp\include\assimp\ColladaMetaData.h">
      <Filter>Header Files</Filter>
    </ClInclude>
    <ClInclude Include="Libraries\assimp\include\assimp\color4.h">
      <Filter>Header Files</Filter>
    </ClInclude>
    <ClInclude Include="Libraries\assimp\include\assimp\commonMetaData.h">
      <Filter>Header Files</Filter>
    </ClInclude>
    <ClInclude Include="Libraries\assimp\include\assimp\config.h">
      <Filter>Header Files</Filter>
    </ClInclude>
    <ClInclude Include="Libraries\assimp\include\assimp\CreateAnimMesh.h">
      <Filter>Header Files</Filter>
    </ClInclude>
    <ClInclude Include="Libraries\assimp\include\assimp\DefaultIOStream.h">
      <Filter>Header Files</Filter>
    </ClInclude>
    <ClInclude Include="Libraries\assimp\include\assimp\DefaultIOSystem.h">
      <Filter>Header Files</Filter>
    </ClInclude>
    <ClInclude Include="Libraries\assimp\include\assimp\DefaultLogger.hpp">
      <Filter>Header Files</Filter>
    </ClInclude>
    <ClInclude Include="Libraries\assimp\include\assimp\defs.h">
      <Filter>Header Files</Filter>
    </ClInclude>
    <ClInclude Include="Libraries\assimp\include\assimp\Exceptional.h">
      <Filter>Header Files</Filter>
    </ClInclude>
    <ClInclude Include="Libraries\assimp\include\assimp\Exporter.hpp">
      <Filter>Header Files</Filter>
    </ClInclude>
    <ClInclude Include="Libraries\assimp\include\assimp\fast_atof.h">
      <Filter>Header Files</Filter>
    </ClInclude>
    <ClInclude Include="Libraries\assimp\include\assimp\GenericProperty.h">
      <Filter>Header Files</Filter>
    </ClInclude>
    <ClInclude Include="Libraries\assimp\include\assimp\GltfMaterial.h">
      <Filter>Header Files</Filter>
    </ClInclude>
    <ClInclude Include="Libraries\assimp\include\assimp\Hash.h">
      <Filter>Header Files</Filter>
    </ClInclude>
    <ClInclude Include="Libraries\assimp\include\assimp\Importer.hpp">
      <Filter>Header Files</Filter>
    </ClInclude>
    <ClInclude Include="Libraries\assimp\include\assimp\importerdesc.h">
      <Filter>Header Files</Filter>
    </ClInclude>
    <ClInclude Include="Libraries\assimp\include\assimp\IOStream.hpp">
      <Filter>Header Files</Filter>
    </ClInclude>
    <ClInclude Include="Libraries\assimp\include\assimp\IOStreamBuffer.h">
      <Filter>Header Files</Filter>
    </ClInclude>
    <ClInclude Include="Libraries\assimp\include\assimp\IOSystem.hpp">
      <Filter>Header Files</Filter>
    </ClInclude>
    <ClInclude Include="Libraries\assimp\include\assimp\light.h">
      <Filter>Header Files</Filter>
    </ClInclude>
    <ClInclude Include="Libraries\assimp\include\assimp\LineSplitter.h">
      <Filter>Header Files</Filter>
    </ClInclude>
    <ClInclude Include="Libraries\assimp\include\assimp\LogAux.h">
      <Filter>Header Files</Filter>
    </ClInclude>
    <ClInclude Include="Libraries\assimp\include\assimp\Logger.hpp">
      <Filter>Header Files</Filter>
    </ClInclude>
    <ClInclude Include="Libraries\assimp\include\assimp\LogStream.hpp">
      <Filter>Header Files</Filter>
    </ClInclude>
    <ClInclude Include="Libraries\assimp\include\assimp\material.h">
      <Filter>Header Files</Filter>
    </ClInclude>
    <ClInclude Include="Libraries\assimp\include\assimp\MathFunctions.h">
      <Filter>Header Files</Filter>
    </ClInclude>
    <ClInclude Include="Libraries\assimp\include\assimp\matrix3x3.h">
      <Filter>Header Files</Filter>
    </ClInclude>
    <ClInclude Include="Libraries\assimp\include\assimp\matrix4x4.h">
      <Filter>Header Files</Filter>
    </ClInclude>
    <ClInclude Include="Libraries\assimp\include\assimp\MemoryIOWrapper.h">
      <Filter>Header Files</Filter>
    </ClInclude>
    <ClInclude Include="Libraries\assimp\include\assimp\mesh.h">
      <Filter>Header Files</Filter>
    </ClInclude>
    <ClInclude Include="Libraries\assimp\include\assimp\metadata.h">
      <Filter>Header Files</Filter>
    </ClInclude>
    <ClInclude Include="Libraries\assimp\include\assimp\NullLogger.hpp">
      <Filter>Header Files</Filter>
    </ClInclude>
    <ClInclude Include="Libraries\assimp\include\assimp\ObjMaterial.h">
      <Filter>Header Files</Filter>
    </ClInclude>
    <ClInclude Include="Libraries\assimp\include\assimp\ParsingUtils.h">
      <Filter>Header Files</Filter>
    </ClInclude>
    <ClInclude Include="Libraries\assimp\include\assimp\pbrmaterial.h">
      <Filter>Header Files</Filter>
    </ClInclude>
    <ClInclude Include="Libraries\assimp\include\assimp\postprocess.h">
      <Filter>Header Files</Filter>
    </ClInclude>
    <ClInclude Include="Libraries\assimp\include\assimp\Profiler.h">
      <Filter>Header Files</Filter>
    </ClInclude>
    <ClInclude Include="Libraries\assimp\include\assimp\ProgressHandler.hpp">
      <Filter>Header Files</Filter>
    </ClInclude>
    <ClInclude Include="Libraries\assimp\include\assimp\qnan.h">
      <Filter>Header Files</Filter>
    </ClInclude>
    <ClInclude Include="Libraries\assimp\include\assimp\quaternion.h">
      <Filter>Header Files</Filter>
    </ClInclude>
    <ClInclude Include="Libraries\assimp\include\assimp\RemoveComments.h">
      <Filter>Header Files</Filter>
    </ClInclude>
    <ClInclude Include="Libraries\assimp\include\assimp\revision.h">
      <Filter>Header Files</Filter>
    </ClInclude>
    <ClInclude Include="Libraries\assimp\include\assimp\scene.h">
      <Filter>Header Files</Filter>
    </ClInclude>
    <ClInclude Include="Libraries\assimp\include\assimp\SceneCombiner.h">
      <Filter>Header Files</Filter>
    </ClInclude>
    <ClInclude Include="Libraries\assimp\include\assimp\SGSpatialSort.h">
      <Filter>Header Files</Filter>
    </ClInclude>
    <ClInclude Include="Libraries\assimp\include\assimp\SkeletonMeshBuilder.h">
      <Filter>Header Files</Filter>
    </ClInclude>
    <ClInclude Include="Libraries\assimp\include\assimp\SmallVector.h">
      <Filter>Header Files</Filter>
    </ClInclude>
    <ClInclude Include="Libraries\assimp\include\assimp\SmoothingGroups.h">
      <Filter>Header Files</Filter>
    </ClInclude>
    <ClInclude Include="Libraries\assimp\include\assimp\SpatialSort.h">
      <Filter>Header Files</Filter>
    </ClInclude>
    <ClInclude Include="Libraries\assimp\include\assimp\StandardShapes.h">
      <Filter>Header Files</Filter>
    </ClInclude>
    <ClInclude Include="Libraries\assimp\include\assimp\StreamReader.h">
      <Filter>Header Files</Filter>
    </ClInclude>
    <ClInclude Include="Libraries\assimp\include\assimp\StreamWriter.h">
      <Filter>Header Files</Filter>
    </ClInclude>
    <ClInclude Include="Libraries\assimp\include\assimp\StringComparison.h">
      <Filter>Header Files</Filter>
    </ClInclude>
    <ClInclude Include="Libraries\assimp\include\assimp\StringUtils.h">
      <Filter>Header Files</Filter>
    </ClInclude>
    <ClInclude Include="Libraries\assimp\include\assimp\Subdivision.h">
      <Filter>Header Files</Filter>
    </ClInclude>
    <ClInclude Include="Libraries\assimp\include\assimp\texture.h">
      <Filter>Header Files</Filter>
    </ClInclude>
    <ClInclude Include="Libraries\assimp\include\assimp\TinyFormatter.h">
      <Filter>Header Files</Filter>
    </ClInclude>
    <ClInclude Include="Libraries\assimp\include\assimp\types.h">
      <Filter>Header Files</Filter>
    </ClInclude>
    <ClInclude Include="Libraries\assimp\include\assimp\vector2.h">
      <Filter>Header Files</Filter>
    </ClInclude>
    <ClInclude Include="Libraries\assimp\include\assimp\vector3.h">
      <Filter>Header Files</Filter>
    </ClInclude>
    <ClInclude Include="Libraries\assimp\include\assimp\version.h">
      <Filter>Header Files</Filter>
    </ClInclude>
    <ClInclude Include="Libraries\assimp\include\assimp\Vertex.h">
      <Filter>Header Files</Filter>
    </ClInclude>
    <ClInclude Include="Libraries\assimp\include\assimp\XmlParser.h">
      <Filter>Header Files</Filter>
    </ClInclude>
    <ClInclude Include="Libraries\assimp\include\assimp\XMLTools.h">
      <Filter>Header Files</Filter>
    </ClInclude>
    <ClInclude Include="Libraries\assimp\include\assimp\ZipArchiveIOSystem.h">
      <Filter>Header Files</Filter>
    </ClInclude>
    <ClInclude Include="Shaders\Fire\Fire.h">
      <Filter>Header Files</Filter>
    </ClInclude>
  </ItemGroup>
  <ItemGroup>
    <None Include="Shaders\CommonColor\CommonColor.frag" />
    <None Include="Shaders\CommonColor\CommonColor.vert" />
    <None Include="Shaders\CommomTexture\CommonTexture.frag" />
    <None Include="Shaders\CommomTexture\CommonTexture.vert" />
    <None Include="Assignment.aps" />
    <None Include=".gitignore" />
    <None Include="README.md" />
    <None Include="Libraries\ImGui\imgui.ini" />
    <None Include="imgui.ini" />
    <None Include="Libraries\ffmpeg\lib\avcodec-59.def">
      <Filter>Source Files</Filter>
    </None>
    <None Include="Libraries\ffmpeg\lib\avdevice-59.def">
      <Filter>Source Files</Filter>
    </None>
    <None Include="Libraries\ffmpeg\lib\avfilter-8.def">
      <Filter>Source Files</Filter>
    </None>
    <None Include="Libraries\ffmpeg\lib\avformat-59.def">
      <Filter>Source Files</Filter>
    </None>
    <None Include="Libraries\ffmpeg\lib\avutil-57.def">
      <Filter>Source Files</Filter>
    </None>
    <None Include="Libraries\ffmpeg\lib\swresample-4.def">
      <Filter>Source Files</Filter>
    </None>
    <None Include="Libraries\ffmpeg\lib\swscale-6.def">
      <Filter>Source Files</Filter>
    </None>
    <None Include="Libraries\ffmpeg\bin\avcodec-59.dll" />
    <None Include="Libraries\ffmpeg\bin\avdevice-59.dll" />
    <None Include="Libraries\ffmpeg\bin\avfilter-8.dll" />
    <None Include="Libraries\ffmpeg\bin\avformat-59.dll" />
    <None Include="Libraries\ffmpeg\bin\avutil-57.dll" />
    <None Include="Libraries\ffmpeg\bin\ffmpeg.exe" />
    <None Include="Libraries\ffmpeg\bin\ffplay.exe" />
    <None Include="Libraries\ffmpeg\bin\ffprobe.exe" />
    <None Include="Libraries\ffmpeg\bin\swresample-4.dll" />
    <None Include="Libraries\ffmpeg\bin\swscale-6.dll" />
    <None Include="Shaders\AtmosphericScattering\ground.frag" />
    <None Include="Shaders\AtmosphericScattering\ground.vert" />
    <None Include="Shaders\AtmosphericScattering\sky.frag" />
    <None Include="Shaders\AtmosphericScattering\sky.vert" />
    <None Include="Shaders\CubeMap\CubeMap.frag" />
    <None Include="Shaders\CubeMap\CubeMap.vert" />
    <None Include="Shaders\ClothRendering\ClothRendering.vert" />
    <None Include="Shaders\ClothRendering\ClothRendering.frag" />
    <None Include="Shaders\FBufferEffect\FBufferEffect.frag" />
    <None Include="Shaders\FBufferEffect\FBufferEffect.vert" />
    <None Include="Shaders\Terrain\terrain.frag" />
    <None Include="Shaders\Terrain\terrain.tese" />
    <None Include="Shaders\Terrain\terrain.vert" />
    <None Include="Shaders\Terrain\terrain.tesc" />
    <None Include="Shaders\Water\Water.frag" />
    <None Include="Shaders\Water\Water.vert" />
    <None Include="Shaders\Water\WaterbedQuad.frag" />
    <None Include="Shaders\Water\WaterbedQuad.vert" />
    <None Include="Shaders\Water\WaterQuad.frag" />
    <None Include="Shaders\Water\WaterQuad.vert" />
    <None Include="Shaders\WaterNew\FragmentShader_Water.frag" />
    <None Include="Shaders\WaterNew\VertexShader_Water.vert" />
    <None Include="Shaders\ObjModelLoading\ObjModelLoading.frag" />
    <None Include="Shaders\ObjModelLoading\ObjModelLoading.vert" />
    <None Include="Libraries\assimp\include\assimp\.editorconfig" />
    <None Include="Libraries\assimp\include\assimp\color4.inl">
      <Filter>Header Files</Filter>
    </None>
    <None Include="Libraries\assimp\include\assimp\config.h.in" />
    <None Include="Libraries\assimp\include\assimp\material.inl">
      <Filter>Header Files</Filter>
    </None>
    <None Include="Libraries\assimp\include\assimp\matrix3x3.inl">
      <Filter>Header Files</Filter>
    </None>
    <None Include="Libraries\assimp\include\assimp\matrix4x4.inl">
      <Filter>Header Files</Filter>
    </None>
    <None Include="Libraries\assimp\include\assimp\module.modulemap" />
    <None Include="Libraries\assimp\include\assimp\quaternion.inl">
      <Filter>Header Files</Filter>
    </None>
    <None Include="Libraries\assimp\include\assimp\revision.h.in" />
    <None Include="Libraries\assimp\include\assimp\SmoothingGroups.inl">
      <Filter>Header Files</Filter>
    </None>
    <None Include="Libraries\assimp\include\assimp\vector2.inl">
      <Filter>Header Files</Filter>
    </None>
    <None Include="Libraries\assimp\include\assimp\vector3.inl">
      <Filter>Header Files</Filter>
    </None>
    <None Include="Libraries\assimp\lib\Debug\assimp-vc143-mtd.dll" />
    <None Include="Shaders\Fire\Fire.frag" />
    <None Include="Shaders\Fire\Fire.vert" />
  </ItemGroup>
  <ItemGroup>
    <Text Include="Source\Log.txt" />
    <Text Include="Log.txt" />
    <Text Include="CustomLog.txt" />
  </ItemGroup>
  <ItemGroup>
    <ResourceCompile Include="Source\OGL.rc">
      <Filter>Resource Files</Filter>
    </ResourceCompile>
  </ItemGroup>
  <ItemGroup>
    <Image Include="Source\wood.png">
      <Filter>Source Files</Filter>
    </Image>
    <Image Include="Media\Textures\Test\wood.png">
      <Filter>Resource Files</Filter>
    </Image>
    <Image Include="Media\Textures\Test\Smiley.bmp">
      <Filter>Resource Files</Filter>
    </Image>
    <Image Include="Media\Textures\Test\Stone.bmp">
      <Filter>Resource Files</Filter>
    </Image>
    <Image Include="Media\Textures\Test\alpha.dds" />
    <Image Include="Media\Textures\Ocean\perlin_noise.dds" />
    <Image Include="Media\Textures\Test\CubeMap\back.bmp">
      <Filter>Resource Files</Filter>
    </Image>
    <Image Include="Media\Textures\Test\CubeMap\bottom.bmp">
      <Filter>Resource Files</Filter>
    </Image>
    <Image Include="Media\Textures\Test\CubeMap\front.bmp">
      <Filter>Resource Files</Filter>
    </Image>
    <Image Include="Media\Textures\Test\CubeMap\left.bmp">
      <Filter>Resource Files</Filter>
    </Image>
    <Image Include="Media\Textures\Test\CubeMap\right.bmp">
      <Filter>Resource Files</Filter>
    </Image>
    <Image Include="Media\Textures\Test\CubeMap\top.bmp">
      <Filter>Resource Files</Filter>
    </Image>
    <Image Include="Media\Textures\Ocean\back.jpg">
      <Filter>Resource Files</Filter>
    </Image>
    <Image Include="Media\Textures\Ocean\bottom.jpg">
      <Filter>Resource Files</Filter>
    </Image>
    <Image Include="Media\Textures\Ocean\front.jpg">
      <Filter>Resource Files</Filter>
    </Image>
    <Image Include="Media\Textures\Ocean\left.jpg">
      <Filter>Resource Files</Filter>
    </Image>
    <Image Include="Media\Textures\Ocean\right.jpg">
      <Filter>Resource Files</Filter>
    </Image>
    <Image Include="Media\Textures\Ocean\top.jpg">
      <Filter>Resource Files</Filter>
    </Image>
    <Image Include="Media\Textures\Water\waterDUDVmap.png">
      <Filter>Resource Files</Filter>
    </Image>
    <Image Include="Media\Textures\Water\waterNormalMap.png">
      <Filter>Resource Files</Filter>
    </Image>
  </ItemGroup>
  <ItemGroup>
    <Media Include="Media\Video\video.mp4" />
    <Media Include="Media\Audio\HawanMantra.wav">
      <Filter>Resource Files</Filter>
    </Media>
    <Media Include="Media\Video\AMCBanner.mp4" />
    <Media Include="Media\Audio\openingScene.wav">
      <Filter>Resource Files</Filter>
    </Media>
  </ItemGroup>
  <ItemGroup>
    <Library Include="Libraries\ffmpeg\lib\avcodec.lib" />
    <Library Include="Libraries\ffmpeg\lib\avdevice.lib" />
    <Library Include="Libraries\ffmpeg\lib\avfilter.lib" />
    <Library Include="Libraries\ffmpeg\lib\avformat.lib" />
    <Library Include="Libraries\ffmpeg\lib\avutil.lib" />
    <Library Include="Libraries\ffmpeg\lib\libavcodec.dll.a" />
    <Library Include="Libraries\ffmpeg\lib\libavdevice.dll.a" />
    <Library Include="Libraries\ffmpeg\lib\libavfilter.dll.a" />
    <Library Include="Libraries\ffmpeg\lib\libavformat.dll.a" />
    <Library Include="Libraries\ffmpeg\lib\libavutil.dll.a" />
    <Library Include="Libraries\ffmpeg\lib\libswresample.dll.a" />
    <Library Include="Libraries\ffmpeg\lib\libswscale.dll.a" />
    <Library Include="Libraries\ffmpeg\lib\swresample.lib" />
    <Library Include="Libraries\ffmpeg\lib\swscale.lib" />
    <Library Include="Libraries\assimp\lib\Debug\assimp-vc143-mtd.lib" />
    <Library Include="Libraries\assimp\lib\Release\assimp-vc143-mt.lib" />
  </ItemGroup>
  <ItemGroup>
    <CudaCompile Include="Shaders\ClothRendering\Cloth_kernel.cu" />
  </ItemGroup>
</Project>